
Microsoft Visual Studio Solution File, Format Version 12.00
# Visual Studio Version 17
VisualStudioVersion = 17.9.34714.143
MinimumVisualStudioVersion = 10.0.40219.1
Project("{FAE04EC0-301F-11D3-BF4B-00C04F79EFBC}") = "TodoApp.Api", "TodoApp.Api\TodoApp.Api.csproj", "{C4E268D4-E111-4945-8EDB-1142FB05F4BB}"
EndProject
Global
	GlobalSection(SolutionConfigurationPlatforms) = preSolution
		Debug|Any CPU = Debug|Any CPU
		Release|Any CPU = Release|Any CPU
	EndGlobalSection
	GlobalSection(ProjectConfigurationPlatforms) = postSolution
		{C4E268D4-E111-4945-8EDB-1142FB05F4BB}.Debug|Any CPU.ActiveCfg = Debug|Any CPU
		{C4E268D4-E111-4945-8EDB-1142FB05F4BB}.Debug|Any CPU.Build.0 = Debug|Any CPU
		{C4E268D4-E111-4945-8EDB-1142FB05F4BB}.Release|Any CPU.ActiveCfg = Release|Any CPU
		{C4E268D4-E111-4945-8EDB-1142FB05F4BB}.Release|Any CPU.Build.0 = Release|Any CPU
	EndGlobalSection
	GlobalSection(SolutionProperties) = preSolution
		HideSolutionNode = FALSE
	EndGlobalSection
	GlobalSection(ExtensibilityGlobals) = postSolution
		SolutionGuid = {EF1788B2-1DCC-4CA2-BC3F-0077532EE8D5}
	EndGlobalSection
EndGlobal
